
Microsoft Visual Studio Solution File, Format Version 12.00
# Visual Studio Version 17
VisualStudioVersion = 17.9.34723.18
MinimumVisualStudioVersion = 10.0.40219.1
Project("{FAE04EC0-301F-11D3-BF4B-00C04F79EFBC}") = "BookService", "BookService\BookService.csproj", "{9490664A-3CE8-4A19-99DC-7D4B178DFE17}"
EndProject
Global
	GlobalSection(SolutionConfigurationPlatforms) = preSolution
		Debug|Any CPU = Debug|Any CPU
		Release|Any CPU = Release|Any CPU
	EndGlobalSection
	GlobalSection(ProjectConfigurationPlatforms) = postSolution
		{9490664A-3CE8-4A19-99DC-7D4B178DFE17}.Debug|Any CPU.ActiveCfg = Debug|Any CPU
		{9490664A-3CE8-4A19-99DC-7D4B178DFE17}.Debug|Any CPU.Build.0 = Debug|Any CPU
		{9490664A-3CE8-4A19-99DC-7D4B178DFE17}.Release|Any CPU.ActiveCfg = Release|Any CPU
		{9490664A-3CE8-4A19-99DC-7D4B178DFE17}.Release|Any CPU.Build.0 = Release|Any CPU
	EndGlobalSection
	GlobalSection(SolutionProperties) = preSolution
		HideSolutionNode = FALSE
	EndGlobalSection
	GlobalSection(ExtensibilityGlobals) = postSolution
		SolutionGuid = {6B0662B1-D821-4BB0-9753-667681B481A2}
	EndGlobalSection
EndGlobal
